{
  "name": "dsh-subagent-code-agents",
  "version": "0.1.1",
  "lockfileVersion": 3,
  "requires": true,
  "packages": {
    "": {
      "name": "dsh-subagent-code-agents",
      "version": "0.1.1",
      "bundleDependencies": [
        "@dsh-subagent-code-agents/core",
        "@dsh-subagent-code-agents/channel-codex",
        "@dsh-subagent-code-agents/channel-claude-code",
        "@dsh-subagent-code-agents/channel-grok-build",
        "@dsh-subagent-code-agents/channel-acp",
        "@dsh-subagent-code-agents/plugin"
      ],
      "license": "MIT",
      "workspaces": [
        "packages/core",
        "packages/channel-codex",
        "packages/channel-claude-code",
        "packages/channel-grok-build",
        "packages/channel-acp",
        "packages/plugin"
      ],
      "dependencies": {
        "@deepseek-ai/schemastery": "^3.18.1",
        "@dsh-subagent-code-agents/channel-acp": "0.1.1",
        "@dsh-subagent-code-agents/channel-claude-code": "0.1.1",
        "@dsh-subagent-code-agents/channel-codex": "0.1.1",
        "@dsh-subagent-code-agents/channel-grok-build": "0.1.1",
        "@dsh-subagent-code-agents/core": "0.1.1",
        "@dsh-subagent-code-agents/plugin": "0.1.1"
      },
      "devDependencies": {
        "@deepseek-ai/dsh-subagent": "0.1.0-rc.8",
        "@deepseek-ai/dsh-tools": "0.1.0-rc.8"
      },
      "engines": {
        "node": ">=24"
      },
      "peerDependencies": {
        "@deepseek-ai/cordis": ">=4.0.1",
        "@deepseek-ai/dsh-subagent": ">=0.1.0-rc.6",
        "@deepseek-ai/dsh-tools": ">=0.1.0-rc.6"
      }
    },
    "node_modules/@anthropic-ai/claude-agent-sdk": {
      "version": "0.3.233",
      "resolved": "https://registry.npmjs.org/@anthropic-ai/claude-agent-sdk/-/claude-agent-sdk-0.3.233.tgz",
      "integrity": "sha512-Dy+YqhggwtbezDy3Ap2pb1sK3bOqnI+sLNnsVjB3AUWvR0QlGnjjrjORXY03Y50I+B1eFRNEcYPAZKRYlCkSLQ==",
      "license": "SEE LICENSE IN README.md",
      "engines": {
        "node": ">=18.0.0"
      },
      "optionalDependencies": {
        "@anthropic-ai/claude-agent-sdk-darwin-arm64": "0.3.233",
        "@anthropic-ai/claude-agent-sdk-darwin-x64": "0.3.233",
        "@anthropic-ai/claude-agent-sdk-linux-arm64": "0.3.233",
        "@anthropic-ai/claude-agent-sdk-linux-arm64-musl": "0.3.233",
        "@anthropic-ai/claude-agent-sdk-linux-x64": "0.3.233",
        "@anthropic-ai/claude-agent-sdk-linux-x64-musl": "0.3.233",
        "@anthropic-ai/claude-agent-sdk-win32-arm64": "0.3.233",
        "@anthropic-ai/claude-agent-sdk-win32-x64": "0.3.233"
      },
      "peerDependencies": {
        "@anthropic-ai/sdk": ">=0.93.0",
        "@modelcontextprotocol/sdk": "^1.29.0",
        "zod": "^4.0.0"
      }
    },
    "node_modules/@deepseek-ai/cordis": {
      "version": "4.0.1",
      "resolved": "https://registry.npmjs.org/@deepseek-ai/cordis/-/cordis-4.0.1.tgz",
      "integrity": "sha512-YBdskTU2Po1kru3GgcUWUbkTsPMA9LkSQDAY8rBkFJeajdgcQad3QPJZE26JyK99Xb6HaASvoXg2DSUTeN/0Nw==",
      "license": "MIT",
      "peer": true,
      "dependencies": {
        "@deepseek-ai/cosmokit": "^1.8.2",
        "@standard-schema/spec": "^1.1.0"
      },
      "bin": {
        "cordis": "bin.js"
      },
      "peerDependencies": {
        "@deepseek-ai/cordis-plugin-include": "^1.0.6",
        "@deepseek-ai/cordis-plugin-loader": "^1.0.2"
      },
      "peerDependenciesMeta": {
        "@deepseek-ai/cordis-plugin-include": {
          "optional": true
        },
        "@deepseek-ai/cordis-plugin-loader": {
          "optional": true
        }
      }
    },
    "node_modules/@deepseek-ai/cosmokit": {
      "version": "1.8.2",
      "resolved": "https://registry.npmjs.org/@deepseek-ai/cosmokit/-/cosmokit-1.8.2.tgz",
      "integrity": "sha512-muBOKtSrUKU5m/xpq8ZXWL6hQ/jgd4PhU2PqH97bcxIiLEJfNwZOGQEx4t/aS/GgxRAR+ra9pMHPMtTHU4sqqA==",
      "license": "MIT"
    },
    "node_modules/@deepseek-ai/dsh-agent": {
      "version": "0.1.0-rc.8",
      "resolved": "https://registry.npmjs.org/@deepseek-ai/dsh-agent/-/dsh-agent-0.1.0-rc.8.tgz",
      "integrity": "sha512-fOl46ZvzoYHalrlyfOJAHNhzyKeVDTUnZZKNSJEr9GY/98WJTjcV21agVEofTXldkJ7a/ws2HpJkVNJVFMtslg==",
      "license": "MIT",
      "peer": true,
      "peerDependencies": {
        "@deepseek-ai/cordis": "^4.0.1",
        "@deepseek-ai/dsh-invariants": "^0.1.0-rc.8",
        "@deepseek-ai/dsh-llm": "^0.1.0-rc.8",
        "@deepseek-ai/dsh-scope": "^0.1.0-rc.8",
        "@deepseek-ai/dsh-session": "^0.1.0-rc.8",
        "@deepseek-ai/dsh-system-prompt": "^0.1.0-rc.8",
        "@deepseek-ai/dsh-typert-protocol": "^0.1.0-rc.8"
      }
    },
    "node_modules/@deepseek-ai/dsh-attachment": {
      "version": "0.1.0-rc.8",
      "resolved": "https://registry.npmjs.org/@deepseek-ai/dsh-attachment/-/dsh-attachment-0.1.0-rc.8.tgz",
      "integrity": "sha512-cCrg4WWiav7pGtbdU8dJTpAG28cPnkWVB2YPOrlBCgBbhQziGcG9Dv67Ti6L3PI4OQKC55gYBFinQghFO/7FGg==",
      "license": "MIT",
      "peer": true,
      "peerDependencies": {
        "@deepseek-ai/cordis": "^4.0.1",
        "@deepseek-ai/dsh-brand": "^0.1.0-rc.8",
        "@deepseek-ai/dsh-invariants": "^0.1.0-rc.8"
      }
    },
    "node_modules/@deepseek-ai/dsh-brand": {
      "version": "0.1.0-rc.8",
      "resolved": "https://registry.npmjs.org/@deepseek-ai/dsh-brand/-/dsh-brand-0.1.0-rc.8.tgz",
      "integrity": "sha512-402aUAfHxIZJrArBV4gDf0I/A/69A/By26FX6HTIOyFmCnB4wUBKh8jnglz1CorKWdZy8AKldAhh8HQhQEbGOQ==",
      "license": "MIT",
      "peer": true,
      "peerDependencies": {
        "@deepseek-ai/cordis": "^4.0.1",
        "@deepseek-ai/dsh-invariants": "^0.1.0-rc.8"
      }
    },
    "node_modules/@deepseek-ai/dsh-code-runtime": {
      "version": "0.1.0-rc.8",
      "resolved": "https://registry.npmjs.org/@deepseek-ai/dsh-code-runtime/-/dsh-code-runtime-0.1.0-rc.8.tgz",
      "integrity": "sha512-6ZKyEE7dHH1UkKe5b0lg18Byww/7ocZyrNMVjAoUWEWp5i96Brf9Eavu9q3zepBMDMZJErCfV0pyt7KDhBJSig==",
      "license": "MIT",
      "peer": true,
      "peerDependencies": {
        "@deepseek-ai/cordis": "^4.0.1",
        "@deepseek-ai/dsh-invariants": "^0.1.0-rc.8"
      }
    },
    "node_modules/@deepseek-ai/dsh-invariants": {
      "version": "0.1.0-rc.8",
      "resolved": "https://registry.npmjs.org/@deepseek-ai/dsh-invariants/-/dsh-invariants-0.1.0-rc.8.tgz",
      "integrity": "sha512-u0lYqyxOYwfsVnbsfGXZos5vFvA4cqFnBEW3/ezgljNwkYwzeUP/Y5wjPnQjP+ZzBn3CnVeIF6s2N2Vk3iA5mQ==",
      "license": "MIT",
      "peer": true,
      "dependencies": {
        "@deepseek-ai/schemastery": "^3.18.1"
      },
      "peerDependencies": {
        "@deepseek-ai/cordis": "^4.0.1"
      }
    },
    "node_modules/@deepseek-ai/dsh-llm": {
      "version": "0.1.0-rc.8",
      "resolved": "https://registry.npmjs.org/@deepseek-ai/dsh-llm/-/dsh-llm-0.1.0-rc.8.tgz",
      "integrity": "sha512-hf6RmX2Stn1UtzpktSHQLkIktQkBm9i/3yFfJlbGSkwyw5Cv9sTYJbyoHzsSnnh6i8nRRcMcBhvMgm23I00oIw==",
      "license": "MIT",
      "peer": true,
      "dependencies": {
        "@deepseek-ai/schemastery": "^3.18.1"
      },
      "peerDependencies": {
        "@deepseek-ai/cordis": "^4.0.1",
        "@deepseek-ai/dsh-attachment": "^0.1.0-rc.8",
        "@deepseek-ai/dsh-brand": "^0.1.0-rc.8",
        "@deepseek-ai/dsh-invariants": "^0.1.0-rc.8",
        "@deepseek-ai/dsh-timeout": "^0.1.0-rc.8"
      }
    },
    "node_modules/@deepseek-ai/dsh-scope": {
      "version": "0.1.0-rc.8",
      "resolved": "https://registry.npmjs.org/@deepseek-ai/dsh-scope/-/dsh-scope-0.1.0-rc.8.tgz",
      "integrity": "sha512-/o+PxkVV2zUy9lYlMFr4TWSb+ESW4DE+fI891yIbsLzOJdFgfbmmLpGrlWgnz8/unIGJZxjeXdwyppV04Z277Q==",
      "license": "MIT",
      "peer": true,
      "peerDependencies": {
        "@deepseek-ai/cordis": "^4.0.1",
        "@deepseek-ai/dsh-invariants": "^0.1.0-rc.8"
      }
    },
    "node_modules/@deepseek-ai/dsh-session": {
      "version": "0.1.0-rc.8",
      "resolved": "https://registry.npmjs.org/@deepseek-ai/dsh-session/-/dsh-session-0.1.0-rc.8.tgz",
      "integrity": "sha512-Qs5Mgn32WPPVB4rKHjsZBgLOkh0TQurUAcc9GaDVudK4dUkpno2HDh++qu/PrwRA3CZ/iwPAoFHCpB3AMMaoLg==",
      "license": "MIT",
      "peer": true,
      "peerDependencies": {
        "@deepseek-ai/cordis": "^4.0.1",
        "@deepseek-ai/dsh-brand": "^0.1.0-rc.8",
        "@deepseek-ai/dsh-invariants": "^0.1.0-rc.8",
        "@deepseek-ai/dsh-llm": "^0.1.0-rc.8",
        "@deepseek-ai/dsh-scope": "^0.1.0-rc.8",
        "@deepseek-ai/dsh-typert-protocol": "^0.1.0-rc.8"
      }
    },
    "node_modules/@deepseek-ai/dsh-subagent": {
      "version": "0.1.0-rc.8",
      "resolved": "https://registry.npmjs.org/@deepseek-ai/dsh-subagent/-/dsh-subagent-0.1.0-rc.8.tgz",
      "integrity": "sha512-EI94+hYMfAe8BQkkH/FTcciGxajFfAdQe66Jhy2/eyR3dssRAZ+oJsV6SzU20x3m2yd0gmMaXzO1iV3gwYhY+g==",
      "license": "MIT",
      "dependencies": {
        "zod": "^4.4.3"
      },
      "peerDependencies": {
        "@deepseek-ai/cordis": "^4.0.1",
        "@deepseek-ai/dsh-agent": "^0.1.0-rc.8",
        "@deepseek-ai/dsh-agent-presets": "^0.1.0-rc.8",
        "@deepseek-ai/dsh-brand": "^0.1.0-rc.8",
        "@deepseek-ai/dsh-invariants": "^0.1.0-rc.8",
        "@deepseek-ai/dsh-jobs": "^0.1.0-rc.8",
        "@deepseek-ai/dsh-llm": "^0.1.0-rc.8",
        "@deepseek-ai/dsh-sandbox": "^0.1.0-rc.8",
        "@deepseek-ai/dsh-sandbox-policy": "^0.1.0-rc.8",
        "@deepseek-ai/dsh-scope": "^0.1.0-rc.8",
        "@deepseek-ai/dsh-session": "^0.1.0-rc.8",
        "@deepseek-ai/dsh-session-persistence": "^0.1.0-rc.8",
        "@deepseek-ai/dsh-session-projection": "^0.1.0-rc.8",
        "@deepseek-ai/dsh-session-projection-cache": "^0.1.0-rc.8",
        "@deepseek-ai/dsh-tools": "^0.1.0-rc.8",
        "@deepseek-ai/dsh-user-approval": "^0.1.0-rc.8"
      },
      "peerDependenciesMeta": {
        "@deepseek-ai/dsh-agent-presets": {
          "optional": true
        },
        "@deepseek-ai/dsh-jobs": {
          "optional": true
        },
        "@deepseek-ai/dsh-sandbox": {
          "optional": true
        },
        "@deepseek-ai/dsh-sandbox-policy": {
          "optional": true
        },
        "@deepseek-ai/dsh-session-persistence": {
          "optional": true
        },
        "@deepseek-ai/dsh-session-projection": {
          "optional": true
        },
        "@deepseek-ai/dsh-session-projection-cache": {
          "optional": true
        },
        "@deepseek-ai/dsh-user-approval": {
          "optional": true
        }
      }
    },
    "node_modules/@deepseek-ai/dsh-system-prompt": {
      "version": "0.1.0-rc.8",
      "resolved": "https://registry.npmjs.org/@deepseek-ai/dsh-system-prompt/-/dsh-system-prompt-0.1.0-rc.8.tgz",
      "integrity": "sha512-yk8Z85rzX2EwpKNWA5i+K3I3mqsIIUc9niwbDpXO8vlHvpC2qR3RNHjJIJN2EZYDqfSzTVtkbxHFsuMzDXIbew==",
      "license": "MIT",
      "peer": true,
      "dependencies": {
        "@deepseek-ai/schemastery": "^3.18.1"
      },
      "peerDependencies": {
        "@deepseek-ai/cordis": "^4.0.1",
        "@deepseek-ai/dsh-invariants": "^0.1.0-rc.8",
        "@deepseek-ai/dsh-llm": "^0.1.0-rc.8",
        "@deepseek-ai/dsh-scope": "^0.1.0-rc.8"
      }
    },
    "node_modules/@deepseek-ai/dsh-timeout": {
      "version": "0.1.0-rc.8",
      "resolved": "https://registry.npmjs.org/@deepseek-ai/dsh-timeout/-/dsh-timeout-0.1.0-rc.8.tgz",
      "integrity": "sha512-RwOC/qHribE6b+LStAO7aAgweefLE5sqDO7Uz6/mnTDyJxCt7HNQnE/Op8sAvRa33d752aUkPfO9S0mgzVAoFQ==",
      "license": "MIT",
      "peer": true,
      "peerDependencies": {
        "@deepseek-ai/cordis": "^4.0.1",
        "@deepseek-ai/dsh-invariants": "^0.1.0-rc.8"
      }
    },
    "node_modules/@deepseek-ai/dsh-tools": {
      "version": "0.1.0-rc.8",
      "resolved": "https://registry.npmjs.org/@deepseek-ai/dsh-tools/-/dsh-tools-0.1.0-rc.8.tgz",
      "integrity": "sha512-tvuGAVUS4yoPW9zH7CGWJgMlAzGjfu2UlRiricldlcwSKAaJZPZx/K/YfTivUyDTER6aK1DJUnIpVG7RD/DoHQ==",
      "license": "MIT",
      "dependencies": {
        "@deepseek-ai/schemastery": "^3.18.1"
      },
      "peerDependencies": {
        "@deepseek-ai/cordis": "^4.0.1",
        "@deepseek-ai/dsh-agent": "^0.1.0-rc.8",
        "@deepseek-ai/dsh-code-runtime": "^0.1.0-rc.8",
        "@deepseek-ai/dsh-invariants": "^0.1.0-rc.8",
        "@deepseek-ai/dsh-llm": "^0.1.0-rc.8",
        "@deepseek-ai/dsh-scope": "^0.1.0-rc.8",
        "@deepseek-ai/dsh-session": "^0.1.0-rc.8",
        "@deepseek-ai/dsh-system-prompt": "^0.1.0-rc.8",
        "@deepseek-ai/dsh-user-approval": "^0.1.0-rc.8"
      }
    },
    "node_modules/@deepseek-ai/dsh-typert-protocol": {
      "version": "0.1.0-rc.8",
      "resolved": "https://registry.npmjs.org/@deepseek-ai/dsh-typert-protocol/-/dsh-typert-protocol-0.1.0-rc.8.tgz",
      "integrity": "sha512-scwEAefRBL7gRpaXiEdiHRMvlr8dLmUbiEvy0LOAX/8X3FZBd/5tHQ/8lCppAQNTDZMI/LSiSMpu5XrFId+7cQ==",
      "license": "MIT",
      "peer": true,
      "peerDependencies": {
        "@deepseek-ai/cordis": "^4.0.1",
        "@deepseek-ai/dsh-invariants": "^0.1.0-rc.8"
      }
    },
    "node_modules/@deepseek-ai/dsh-user-approval": {
      "version": "0.1.0-rc.8",
      "resolved": "https://registry.npmjs.org/@deepseek-ai/dsh-user-approval/-/dsh-user-approval-0.1.0-rc.8.tgz",
      "integrity": "sha512-6SFCxp7dgNFEyzQIcs5i9C+5djgXsAeV0iKmZUCLlcIeVM1chcCMHyGcoXlw8yyB14qFMrMs+TPvhvpu2WWxAw==",
      "license": "MIT",
      "peer": true,
      "dependencies": {
        "@deepseek-ai/schemastery": "^3.18.1"
      },
      "peerDependencies": {
        "@deepseek-ai/cordis": "^4.0.1",
        "@deepseek-ai/dsh-agent": "^0.1.0-rc.8",
        "@deepseek-ai/dsh-brand": "^0.1.0-rc.8",
        "@deepseek-ai/dsh-invariants": "^0.1.0-rc.8",
        "@deepseek-ai/dsh-llm": "^0.1.0-rc.8",
        "@deepseek-ai/dsh-scope": "^0.1.0-rc.8",
        "@deepseek-ai/dsh-session": "^0.1.0-rc.8",
        "@deepseek-ai/dsh-system-prompt": "^0.1.0-rc.8"
      }
    },
    "node_modules/@deepseek-ai/schemastery": {
      "version": "3.18.1",
      "resolved": "https://registry.npmjs.org/@deepseek-ai/schemastery/-/schemastery-3.18.1.tgz",
      "integrity": "sha512-Qn0FCSwCQnpnj6SB31I6i2sIKgKWnkbJM8O0EU91Gv2UsYVvtZTl6IA0sCwk2e2MZf5S8w5hpq9QkeVvK9qwxg==",
      "license": "MIT",
      "dependencies": {
        "@deepseek-ai/cosmokit": "^1.8.2",
        "@standard-schema/spec": "^1.1.0"
      }
    },
    "node_modules/@dsh-subagent-code-agents/channel-acp": {
      "resolved": "packages/channel-acp",
      "link": true
    },
    "node_modules/@dsh-subagent-code-agents/channel-claude-code": {
      "resolved": "packages/channel-claude-code",
      "link": true
    },
    "node_modules/@dsh-subagent-code-agents/channel-codex": {
      "resolved": "packages/channel-codex",
      "link": true
    },
    "node_modules/@dsh-subagent-code-agents/channel-grok-build": {
      "resolved": "packages/channel-grok-build",
      "link": true
    },
    "node_modules/@dsh-subagent-code-agents/core": {
      "resolved": "packages/core",
      "link": true
    },
    "node_modules/@dsh-subagent-code-agents/plugin": {
      "resolved": "packages/plugin",
      "link": true
    },
    "node_modules/@standard-schema/spec": {
      "version": "1.1.0",
      "resolved": "https://registry.npmjs.org/@standard-schema/spec/-/spec-1.1.0.tgz",
      "integrity": "sha512-l2aFy5jALhniG5HgqrD6jXLi/rUWrKvqN/qJx6yoJsgKhblVd+iqqU4RCXavm/jPityDo5TCvKMnpjKnOriy0w==",
      "license": "MIT"
    },
    "node_modules/zod": {
      "version": "4.4.3",
      "resolved": "https://registry.npmjs.org/zod/-/zod-4.4.3.tgz",
      "integrity": "sha512-ytENFjIJFl2UwYglde2jchW2Hwm4GJFLDiSXWdTrJQBIN9Fcyp7n4DhxJEiWNAJMV1/BqWfW/kkg71UDcHJyTQ==",
      "license": "MIT",
      "funding": {
        "url": "https://github.com/sponsors/colinhacks"
      }
    },
    "packages/channel-acp": {
      "name": "@dsh-subagent-code-agents/channel-acp",
      "version": "0.1.1",
      "license": "MIT",
      "dependencies": {
        "@dsh-subagent-code-agents/core": "0.1.1"
      },
      "engines": {
        "node": ">=24"
      }
    },
    "packages/channel-claude-code": {
      "name": "@dsh-subagent-code-agents/channel-claude-code",
      "version": "0.1.1",
      "license": "MIT",
      "dependencies": {
        "@anthropic-ai/claude-agent-sdk": "0.3.233",
        "@dsh-subagent-code-agents/core": "0.1.1"
      },
      "engines": {
        "node": ">=24"
      }
    },
    "packages/channel-codex": {
      "name": "@dsh-subagent-code-agents/channel-codex",
      "version": "0.1.1",
      "license": "MIT",
      "dependencies": {
        "@dsh-subagent-code-agents/core": "0.1.1"
      },
      "engines": {
        "node": ">=24"
      }
    },
    "packages/channel-grok-build": {
      "name": "@dsh-subagent-code-agents/channel-grok-build",
      "version": "0.1.1",
      "license": "MIT",
      "dependencies": {
        "@dsh-subagent-code-agents/channel-acp": "0.1.1",
        "@dsh-subagent-code-agents/core": "0.1.1"
      },
      "engines": {
        "node": ">=24"
      }
    },
    "packages/core": {
      "name": "@dsh-subagent-code-agents/core",
      "version": "0.1.1",
      "license": "MIT",
      "engines": {
        "node": ">=24"
      }
    },
    "packages/plugin": {
      "name": "@dsh-subagent-code-agents/plugin",
      "version": "0.1.1",
      "license": "MIT",
      "dependencies": {
        "@deepseek-ai/schemastery": "^3.18.1",
        "@dsh-subagent-code-agents/channel-acp": "0.1.1",
        "@dsh-subagent-code-agents/channel-claude-code": "0.1.1",
        "@dsh-subagent-code-agents/channel-codex": "0.1.1",
        "@dsh-subagent-code-agents/channel-grok-build": "0.1.1",
        "@dsh-subagent-code-agents/core": "0.1.1"
      },
      "engines": {
        "node": ">=24"
      },
      "peerDependencies": {
        "@deepseek-ai/cordis": ">=4.0.1",
        "@deepseek-ai/dsh-subagent": ">=0.1.0-rc.6",
        "@deepseek-ai/dsh-tools": ">=0.1.0-rc.6"
      }
    }
  }
}
